// !$*UTF8*$!
{
	archiveVersion = 1;
	classes = {
	};
	objectVersion = 50;
	objects = {

/* Begin PBXBuildFile section */
		83B951B225B4BBF8004276D0 /* AppDelegate.swift in Sources */ = {isa = PBXBuildFile; fileRef = 83B951B125B4BBF8004276D0 /* AppDelegate.swift */; };
		83B951B425B4BBF8004276D0 /* SceneDelegate.swift in Sources */ = {isa = PBXBuildFile; fileRef = 83B951B325B4BBF8004276D0 /* SceneDelegate.swift */; };
		83B951B625B4BBF8004276D0 /* ViewController.swift in Sources */ = {isa = PBXBuildFile; fileRef = 83B951B525B4BBF8004276D0 /* ViewController.swift */; };
		83B951B925B4BBF8004276D0 /* Main.storyboard in Resources */ = {isa = PBXBuildFile; fileRef = 83B951B725B4BBF8004276D0 /* Main.storyboard */; };
		83B951BB25B4BBFE004276D0 /* Assets.xcassets in Resources */ = {isa = PBXBuildFile; fileRef = 83B951BA25B4BBFE004276D0 /* Assets.xcassets */; };
		83B951BE25B4BBFE004276D0 /* LaunchScreen.storyboard in Resources */ = {isa = PBXBuildFile; fileRef = 83B951BC25B4BBFE004276D0 /* LaunchScreen.storyboard */; };
		83B951C725B4BC1D004276D0 /* ThreeSecondCell.swift in Sources */ = {isa = PBXBuildFile; fileRef = 83B951C625B4BC1D004276D0 /* ThreeSecondCell.swift */; };
/* End PBXBuildFile section */

/* Begin PBXFileReference section */
		83B951AE25B4BBF7004276D0 /* ThreeSecondGreen.app */ = {isa = PBXFileReference; explicitFileType = wrapper.application; includeInIndex = 0; path = ThreeSecondGreen.app; sourceTree = BUILT_PRODUCTS_DIR; };
		83B951B125B4BBF8004276D0 /* AppDelegate.swift */ = {isa = PBXFileReference; lastKnownFileType = sourcecode.swift; path = AppDelegate.swift; sourceTree = "<group>"; };
		83B951B325B4BBF8004276D0 /* SceneDelegate.swift */ = {isa = PBXFileReference; lastKnownFileType = sourcecode.swift; path = SceneDelegate.swift; sourceTree = "<group>"; };
		83B951B525B4BBF8004276D0 /* ViewController.swift */ = {isa = PBXFileReference; lastKnownFileType = sourcecode.swift; path = ViewController.swift; sourceTree = "<group>"; };
		83B951B825B4BBF8004276D0 /* Base */ = {isa = PBXFileReference; lastKnownFileType = file.storyboard; name = Base; path = Base.lproj/Main.storyboard; sourceTree = "<group>"; };
		83B951BA25B4BBFE004276D0 /* Assets.xcassets */ = {isa = PBXFileReference; lastKnownFileType = folder.assetcatalog; path = Assets.xcassets; sourceTree = "<group>"; };
		83B951BD25B4BBFE004276D0 /* Base */ = {isa = PBXFileReference; lastKnownFileType = file.storyboard; name = Base; path = Base.lproj/LaunchScreen.storyboard; sourceTree = "<group>"; };
		83B951BF25B4BBFE004276D0 /* Info.plist */ = {isa = PBXFileReference; lastKnownFileType = text.plist.xml; path = Info.plist; sourceTree = "<group>"; };
		83B951C625B4BC1D004276D0 /* ThreeSecondCell.swift */ = {isa = PBXFileReference; lastKnownFileType = sourcecode.swift; path = ThreeSecondCell.swift; sourceTree = "<group>"; };
		83B951C925B4C3AB004276D0 /* README.md */ = {isa = PBXFileReference; lastKnownFileType = net.daringfireball.markdown; path = README.md; sourceTree = "<group>"; };
		83B951CB25B4C50F004276D0 /* LICENSE.md */ = {isa = PBXFileReference; lastKnownFileType = net.daringfireball.markdown; path = LICENSE.md; sourceTree = "<group>"; };
/* End PBXFileReference section */

/* Begin PBXFrameworksBuildPhase section */
		83B951AB25B4BBF7004276D0 /* Frameworks */ = {
			isa = PBXFrameworksBuildPhase;
			buildActionMask = 2147483647;
			files = (
			);
			runOnlyForDeploymentPostprocessing = 0;
		};
/* End PBXFrameworksBuildPhase section */

/* Begin PBXGroup section */
		83B951A525B4BBF7004276D0 = {
			isa = PBXGroup;
			children = (
				83B951C925B4C3AB004276D0 /* README.md */,
				83B951CB25B4C50F004276D0 /* LICENSE.md */,
				83B951B025B4BBF7004276D0 /* ThreeSecondGreen */,
				83B951AF25B4BBF7004276D0 /* Products */,
			);
			sourceTree = "<group>";
		};
		83B951AF25B4BBF7004276D0 /* Products */ = {
			isa = PBXGroup;
			children = (
				83B951AE25B4BBF7004276D0 /* ThreeSecondGreen.app */,
			);
			name = Products;
			sourceTree = "<group>";
		};
		83B951B025B4BBF7004276D0 /* ThreeSecondGreen */ = {
			isa = PBXGroup;
			children = (
				83B951B125B4BBF8004276D0 /* AppDelegate.swift */,
				83B951B325B4BBF8004276D0 /* SceneDelegate.swift */,
				83B951B525B4BBF8004276D0 /* ViewController.swift */,
				83B951C625B4BC1D004276D0 /* ThreeSecondCell.swift */,
				83B951B725B4BBF8004276D0 /* Main.storyboard */,
				83B951BA25B4BBFE004276D0 /* Assets.xcassets */,
				83B951BC25B4BBFE004276D0 /* LaunchScreen.storyboard */,
				83B951BF25B4BBFE004276D0 /* Info.plist */,
			);
			path = ThreeSecondGreen;
			sourceTree = "<group>";
		};
/* End PBXGroup section */

/* Begin PBXNativeTarget section */
		83B951AD25B4BBF7004276D0 /* ThreeSecondGreen */ = {
			isa = PBXNativeTarget;
			buildConfigurationList = 83B951C225B4BBFE004276D0 /* Build configuration list for PBXNativeTarget "ThreeSecondGreen" */;
			buildPhases = (
				83B951AA25B4BBF7004276D0 /* Sources */,
				83B951AB25B4BBF7004276D0 /* Frameworks */,
				83B951AC25B4BBF7004276D0 /* Resources */,
			);
			buildRules = (
			);
			dependencies = (
			);
			name = ThreeSecondGreen;
			productName = ThreeSecondGreen;
			productReference = 83B951AE25B4BBF7004276D0 /* ThreeSecondGreen.app */;
			productType = "com.apple.product-type.application";
		};
/* End PBXNativeTarget section */

/* Begin PBXProject section */
		83B951A625B4BBF7004276D0 /* Project object */ = {
			isa = PBXProject;
			attributes = {
				LastSwiftUpdateCheck = 1230;
				LastUpgradeCheck = 1230;
				TargetAttributes = {
					83B951AD25B4BBF7004276D0 = {
						CreatedOnToolsVersion = 12.3;
					};
				};
			};
			buildConfigurationList = 83B951A925B4BBF7004276D0 /* Build configuration list for PBXProject "ThreeSecondGreen" */;
			compatibilityVersion = "Xcode 9.3";
			developmentRegion = en;
			hasScannedForEncodings = 0;
			knownRegions = (
				en,
				Base,
			);
			mainGroup = 83B951A525B4BBF7004276D0;
			productRefGroup = 83B951AF25B4BBF7004276D0 /* Products */;
			projectDirPath = "";
			projectRoot = "";
			targets = (
				83B951AD25B4BBF7004276D0 /* ThreeSecondGreen */,
			);
		};
/* End PBXProject section */

/* Begin PBXResourcesBuildPhase section */
		83B951AC25B4BBF7004276D0 /* Resources */ = {
			isa = PBXResourcesBuildPhase;
			buildActionMask = 2147483647;
			files = (
				83B951BE25B4BBFE004276D0 /* LaunchScreen.storyboard in Resources */,
				83B951BB25B4BBFE004276D0 /* Assets.xcassets in Resources */,
				83B951B925B4BBF8004276D0 /* Main.storyboard in Resources */,
			);
			runOnlyForDeploymentPostprocessing = 0;
		};
/* End PBXResourcesBuildPhase section */

/* Begin PBXSourcesBuildPhase section */
		83B951AA25B4BBF7004276D0 /* Sources */ = {
			isa = PBXSourcesBuildPhase;
			buildActionMask = 2147483647;
			files = (
				83B951C725B4BC1D004276D0 /* ThreeSecondCell.swift in Sources */,
				83B951B625B4BBF8004276D0 /* ViewController.swift in Sources */,
				83B951B225B4BBF8004276D0 /* AppDelegate.swift in Sources */,
				83B951B425B4BBF8004276D0 /* SceneDelegate.swift in Sources */,
			);
			runOnlyForDeploymentPostprocessing = 0;
		};
/* End PBXSourcesBuildPhase section */

/* Begin PBXVariantGroup section */
		83B951B725B4BBF8004276D0 /* Main.storyboard */ = {
			isa = PBXVariantGroup;
			children = (
				83B951B825B4BBF8004276D0 /* Base */,
			);
			name = Main.storyboard;
			sourceTree = "<group>";
		};
		83B951BC25B4BBFE004276D0 /* LaunchScreen.storyboard */ = {
			isa = PBXVariantGroup;
			children = (
				83B951BD25B4BBFE004276D0 /* Base */,
			);
			name = LaunchScreen.storyboard;
			sourceTree = "<group>";
		};
/* End PBXVariantGroup section */

/* Begin XCBuildConfiguration section */
		83B951C025B4BBFE004276D0 /* Debug */ = {
			isa = XCBuildConfiguration;
			buildSettings = {
				ALWAYS_SEARCH_USER_PATHS = NO;
				CLANG_ANALYZER_NONNULL = YES;
				CLANG_ANALYZER_NUMBER_OBJECT_CONVERSION = YES_AGGRESSIVE;
				CLANG_CXX_LANGUAGE_STANDARD = "gnu++14";
				CLANG_CXX_LIBRARY = "libc++";
				CLANG_ENABLE_MODULES = YES;
				CLANG_ENABLE_OBJC_ARC = YES;
				CLANG_ENABLE_OBJC_WEAK = YES;
				CLANG_WARN_BLOCK_CAPTURE_AUTORELEASING = YES;
				CLANG_WARN_BOOL_CONVERSION = YES;
				CLANG_WARN_COMMA = YES;
				CLANG_WARN_CONSTANT_CONVERSION = YES;
				CLANG_WARN_DEPRECATED_OBJC_IMPLEMENTATIONS = YES;
				CLANG_WARN_DIRECT_OBJC_ISA_USAGE = YES_ERROR;
				CLANG_WARN_DOCUMENTATION_COMMENTS = YES;
				CLANG_WARN_EMPTY_BODY = YES;
				CLANG_WARN_ENUM_CONVERSION = YES;
				CLANG_WARN_INFINITE_RECURSION = YES;
				CLANG_WARN_INT_CONVERSION = YES;
				CLANG_WARN_NON_LITERAL_NULL_CONVERSION = YES;
				CLANG_WARN_OBJC_IMPLICIT_RETAIN_SELF = YES;
				CLANG_WARN_OBJC_LITERAL_CONVERSION = YES;
				CLANG_WARN_OBJC_ROOT_CLASS = YES_ERROR;
				CLANG_WARN_QUOTED_INCLUDE_IN_FRAMEWORK_HEADER = YES;
				CLANG_WARN_RANGE_LOOP_ANALYSIS = YES;
				CLANG_WARN_STRICT_PROTOTYPES = YES;
				CLANG_WARN_SUSPICIOUS_MOVE = YES;
				CLANG_WARN_UNGUARDED_AVAILABILITY = YES_AGGRESSIVE;
				CLANG_WARN_UNREACHABLE_CODE = YES;
				CLANG_WARN__DUPLICATE_METHOD_MATCH = YES;
				COPY_PHASE_STRIP = NO;
				DEBUG_INFORMATION_FORMAT = dwarf;
				ENABLE_STRICT_OBJC_MSGSEND = YES;
				ENABLE_TESTABILITY = YES;
				GCC_C_LANGUAGE_STANDARD = gnu11;
				GCC_DYNAMIC_NO_PIC = NO;
				GCC_NO_COMMON_BLOCKS = YES;
				GCC_OPTIMIZATION_LEVEL = 0;
				GCC_PREPROCESSOR_DEFINITIONS = (
					"DEBUG=1",
					"$(inherited)",
				);
				GCC_WARN_64_TO_32_BIT_CONVERSION = YES;
				GCC_WARN_ABOUT_RETURN_TYPE = YES_ERROR;
				GCC_WARN_UNDECLARED_SELECTOR = YES;
				GCC_WARN_UNINITIALIZED_AUTOS = YES_AGGRESSIVE;
				GCC_WARN_UNUSED_FUNCTION = YES;
				GCC_WARN_UNUSED_VARIABLE = YES;
				IPHONEOS_DEPLOYMENT_TARGET = 14.3;
				MTL_ENABLE_DEBUG_INFO = INCLUDE_SOURCE;
				MTL_FAST_MATH = YES;
				ONLY_ACTIVE_ARCH = YES;
				SDKROOT = iphoneos;
				SWIFT_ACTIVE_COMPILATION_CONDITIONS = DEBUG;
				SWIFT_OPTIMIZATION_LEVEL = "-Onone";
			};
			name = Debug;
		};
		83B951C125B4BBFE004276D0 /* Release */ = {
			isa = XCBuildConfiguration;
			buildSettings = {
				ALWAYS_SEARCH_USER_PATHS = NO;
				CLANG_ANALYZER_NONNULL = YES;
				CLANG_ANALYZER_NUMBER_OBJECT_CONVERSION = YES_AGGRESSIVE;
				CLANG_CXX_LANGUAGE_STANDARD = "gnu++14";
				CLANG_CXX_LIBRARY = "libc++";
				CLANG_ENABLE_MODULES = YES;
				CLANG_ENABLE_OBJC_ARC = YES;
				CLANG_ENABLE_OBJC_WEAK = YES;
				CLANG_WARN_BLOCK_CAPTURE_AUTORELEASING = YES;
				CLANG_WARN_BOOL_CONVERSION = YES;
				CLANG_WARN_COMMA = YES;
				CLANG_WARN_CONSTANT_CONVERSION = YES;
				CLANG_WARN_DEPRECATED_OBJC_IMPLEMENTATIONS = YES;
				CLANG_WARN_DIRECT_OBJC_ISA_USAGE = YES_ERROR;
				CLANG_WARN_DOCUMENTATION_COMMENTS = YES;
				CLANG_WARN_EMPTY_BODY = YES;
				CLANG_WARN_ENUM_CONVERSION = YES;
				CLANG_WARN_INFINITE_RECURSION = YES;
				CLANG_WARN_INT_CONVERSION = YES;
				CLANG_WARN_NON_LITERAL_NULL_CONVERSION = YES;
				CLANG_WARN_OBJC_IMPLICIT_RETAIN_SELF = YES;
				CLANG_WARN_OBJC_LITERAL_CONVERSION = YES;
				CLANG_WARN_OBJC_ROOT_CLASS = YES_ERROR;
				CLANG_WARN_QUOTED_INCLUDE_IN_FRAMEWORK_HEADER = YES;
				CLANG_WARN_RANGE_LOOP_ANALYSIS = YES;
				CLANG_WARN_STRICT_PROTOTYPES = YES;
				CLANG_WARN_SUSPICIOUS_MOVE = YES;
				CLANG_WARN_UNGUARDED_AVAILABILITY = YES_AGGRESSIVE;
				CLANG_WARN_UNREACHABLE_CODE = YES;
				CLANG_WARN__DUPLICATE_METHOD_MATCH = YES;
				COPY_PHASE_STRIP = NO;
				DEBUG_INFORMATION_FORMAT = "dwarf-with-dsym";
				ENABLE_NS_ASSERTIONS = NO;
				ENABLE_STRICT_OBJC_MSGSEND = YES;
				GCC_C_LANGUAGE_STANDARD = gnu11;
				GCC_NO_COMMON_BLOCKS = YES;
				GCC_WARN_64_TO_32_BIT_CONVERSION = YES;
				GCC_WARN_ABOUT_RETURN_TYPE = YES_ERROR;
				GCC_WARN_UNDECLARED_SELECTOR = YES;
				GCC_WARN_UNINITIALIZED_AUTOS = YES_AGGRESSIVE;
				GCC_WARN_UNUSED_FUNCTION = YES;
				GCC_WARN_UNUSED_VARIABLE = YES;
				IPHONEOS_DEPLOYMENT_TARGET = 14.3;
				MTL_ENABLE_DEBUG_INFO = NO;
				MTL_FAST_MATH = YES;
				SDKROOT = iphoneos;
				SWIFT_COMPILATION_MODE = wholemodule;
				SWIFT_OPTIMIZATION_LEVEL = "-O";
				VALIDATE_PRODUCT = YES;
			};
			name = Release;
		};
		83B951C325B4BBFE004276D0 /* Debug */ = {
			isa = XCBuildConfiguration;
			buildSettings = {
				ASSETCATALOG_COMPILER_APPICON_NAME = AppIcon;
				ASSETCATALOG_COMPILER_GLOBAL_ACCENT_COLOR_NAME = AccentColor;
				CODE_SIGN_STYLE = Automatic;
				DEVELOPMENT_TEAM = UZAPXQTVQ4;
				INFOPLIST_FILE = ThreeSecondGreen/Info.plist;
				LD_RUNPATH_SEARCH_PATHS = (
					"$(inherited)",
					"@executable_path/Frameworks",
				);
				PRODUCT_BUNDLE_IDENTIFIER = com.robertmryan.ThreeSecondGreen;
				PRODUCT_NAME = "$(TARGET_NAME)";
				SWIFT_VERSION = 5.0;
				TARGETED_DEVICE_FAMILY = "1,2";
			};
			name = Debug;
		};
		83B951C425B4BBFE004276D0 /* Release */ = {
			isa = XCBuildConfiguration;
			buildSettings = {
				ASSETCATALOG_COMPILER_APPICON_NAME = AppIcon;
				ASSETCATALOG_COMPILER_GLOBAL_ACCENT_COLOR_NAME = AccentColor;
				CODE_SIGN_STYLE = Automatic;
				DEVELOPMENT_TEAM = UZAPXQTVQ4;
				INFOPLIST_FILE = ThreeSecondGreen/Info.plist;
				LD_RUNPATH_SEARCH_PATHS = (
					"$(inherited)",
					"@executable_path/Frameworks",
				);
				PRODUCT_BUNDLE_IDENTIFIER = com.robertmryan.ThreeSecondGreen;
				PRODUCT_NAME = "$(TARGET_NAME)";
				SWIFT_VERSION = 5.0;
				TARGETED_DEVICE_FAMILY = "1,2";
			};
			name = Release;
		};
/* End XCBuildConfiguration section */

/* Begin XCConfigurationList section */
		83B951A925B4BBF7004276D0 /* Build configuration list for PBXProject "ThreeSecondGreen" */ = {
			isa = XCConfigurationList;
			buildConfigurations = (
				83B951C025B4BBFE004276D0 /* Debug */,
				83B951C125B4BBFE004276D0 /* Release */,
			);
			defaultConfigurationIsVisible = 0;
			defaultConfigurationName = Release;
		};
		83B951C225B4BBFE004276D0 /* Build configuration list for PBXNativeTarget "ThreeSecondGreen" */ = {
			isa = XCConfigurationList;
			buildConfigurations = (
				83B951C325B4BBFE004276D0 /* Debug */,
				83B951C425B4BBFE004276D0 /* Release */,
			);
			defaultConfigurationIsVisible = 0;
			defaultConfigurationName = Release;
		};
/* End XCConfigurationList section */
	};
	rootObject = 83B951A625B4BBF7004276D0 /* Project object */;
}
